
Microsoft Visual Studio Solution File, Format Version 12.00
# Visual Studio Version 17
VisualStudioVersion = 17.0.32112.339
MinimumVisualStudioVersion = 10.0.40219.1
Project("{9A19103F-16F7-4668-BE54-9A1E7A4F7556}") = "FreeSteamGames_TelegramBot", "FreeSteamGames_TelegramBot\FreeSteamGames_TelegramBot.csproj", "{82B8C4E7-C176-4635-80D3-78EFCCE3BD36}"
EndProject
Project("{9A19103F-16F7-4668-BE54-9A1E7A4F7556}") = "SteamCrawler", "SteamCrawler\SteamCrawler.csproj", "{87DC0602-3F21-47E8-9E14-494EDA5787E9}"
EndProject
Project("{9A19103F-16F7-4668-BE54-9A1E7A4F7556}") = "DataManager", "DataManager\DataManager.csproj", "{C7A4C5AF-58DF-4408-B4E3-7EF7B5AADA85}"
EndProject
Project("{2150E333-8FDC-42A3-9474-1A3956D46DE8}") = "Solution Items", "Solution Items", "{31DC23F9-AE01-41EC-8FC2-AFF3ABD758B3}"
	ProjectSection(SolutionItems) = preProject
		..\README.md = ..\README.md
	EndProjectSection
EndProject
Global
	GlobalSection(SolutionConfigurationPlatforms) = preSolution
		Debug|Any CPU = Debug|Any CPU
		Debug|x64 = Debug|x64
		Debug|x86 = Debug|x86
		Release|Any CPU = Release|Any CPU
		Release|x64 = Release|x64
		Release|x86 = Release|x86
	EndGlobalSection
	GlobalSection(ProjectConfigurationPlatforms) = postSolution
		{82B8C4E7-C176-4635-80D3-78EFCCE3BD36}.Debug|Any CPU.ActiveCfg = Debug|Any CPU
		{82B8C4E7-C176-4635-80D3-78EFCCE3BD36}.Debug|Any CPU.Build.0 = Debug|Any CPU
		{82B8C4E7-C176-4635-80D3-78EFCCE3BD36}.Debug|x64.ActiveCfg = Debug|x64
		{82B8C4E7-C176-4635-80D3-78EFCCE3BD36}.Debug|x64.Build.0 = Debug|x64
		{82B8C4E7-C176-4635-80D3-78EFCCE3BD36}.Debug|x86.ActiveCfg = Debug|x86
		{82B8C4E7-C176-4635-80D3-78EFCCE3BD36}.Debug|x86.Build.0 = Debug|x86
		{82B8C4E7-C176-4635-80D3-78EFCCE3BD36}.Release|Any CPU.ActiveCfg = Release|Any CPU
		{82B8C4E7-C176-4635-80D3-78EFCCE3BD36}.Release|Any CPU.Build.0 = Release|Any CPU
		{82B8C4E7-C176-4635-80D3-78EFCCE3BD36}.Release|x64.ActiveCfg = Release|x64
		{82B8C4E7-C176-4635-80D3-78EFCCE3BD36}.Release|x64.Build.0 = Release|x64
		{82B8C4E7-C176-4635-80D3-78EFCCE3BD36}.Release|x86.ActiveCfg = Release|x86
		{82B8C4E7-C176-4635-80D3-78EFCCE3BD36}.Release|x86.Build.0 = Release|x86
		{87DC0602-3F21-47E8-9E14-494EDA5787E9}.Debug|Any CPU.ActiveCfg = Debug|Any CPU
		{87DC0602-3F21-47E8-9E14-494EDA5787E9}.Debug|Any CPU.Build.0 = Debug|Any CPU
		{87DC0602-3F21-47E8-9E14-494EDA5787E9}.Debug|x64.ActiveCfg = Debug|x64
		{87DC0602-3F21-47E8-9E14-494EDA5787E9}.Debug|x64.Build.0 = Debug|x64
		{87DC0602-3F21-47E8-9E14-494EDA5787E9}.Debug|x86.ActiveCfg = Debug|x86
		{87DC0602-3F21-47E8-9E14-494EDA5787E9}.Debug|x86.Build.0 = Debug|x86
		{87DC0602-3F21-47E8-9E14-494EDA5787E9}.Release|Any CPU.ActiveCfg = Release|Any CPU
		{87DC0602-3F21-47E8-9E14-494EDA5787E9}.Release|Any CPU.Build.0 = Release|Any CPU
		{87DC0602-3F21-47E8-9E14-494EDA5787E9}.Release|x64.ActiveCfg = Release|x64
		{87DC0602-3F21-47E8-9E14-494EDA5787E9}.Release|x64.Build.0 = Release|x64
		{87DC0602-3F21-47E8-9E14-494EDA5787E9}.Release|x86.ActiveCfg = Release|x86
		{87DC0602-3F21-47E8-9E14-494EDA5787E9}.Release|x86.Build.0 = Release|x86
		{C7A4C5AF-58DF-4408-B4E3-7EF7B5AADA85}.Debug|Any CPU.ActiveCfg = Debug|Any CPU
		{C7A4C5AF-58DF-4408-B4E3-7EF7B5AADA85}.Debug|Any CPU.Build.0 = Debug|Any CPU
		{C7A4C5AF-58DF-4408-B4E3-7EF7B5AADA85}.Debug|x64.ActiveCfg = Debug|x64
		{C7A4C5AF-58DF-4408-B4E3-7EF7B5AADA85}.Debug|x64.Build.0 = Debug|x64
		{C7A4C5AF-58DF-4408-B4E3-7EF7B5AADA85}.Debug|x86.ActiveCfg = Debug|x86
		{C7A4C5AF-58DF-4408-B4E3-7EF7B5AADA85}.Debug|x86.Build.0 = Debug|x86
		{C7A4C5AF-58DF-4408-B4E3-7EF7B5AADA85}.Release|Any CPU.ActiveCfg = Release|Any CPU
		{C7A4C5AF-58DF-4408-B4E3-7EF7B5AADA85}.Release|Any CPU.Build.0 = Release|Any CPU
		{C7A4C5AF-58DF-4408-B4E3-7EF7B5AADA85}.Release|x64.ActiveCfg = Release|x64
		{C7A4C5AF-58DF-4408-B4E3-7EF7B5AADA85}.Release|x64.Build.0 = Release|x64
		{C7A4C5AF-58DF-4408-B4E3-7EF7B5AADA85}.Release|x86.ActiveCfg = Release|x86
		{C7A4C5AF-58DF-4408-B4E3-7EF7B5AADA85}.Release|x86.Build.0 = Release|x86
	EndGlobalSection
	GlobalSection(SolutionProperties) = preSolution
		HideSolutionNode = FALSE
	EndGlobalSection
	GlobalSection(ExtensibilityGlobals) = postSolution
		SolutionGuid = {7FBE1F35-3D0A-4822-B686-E4EB490BC892}
	EndGlobalSection
EndGlobal
